github.com/briandowns/openweathermap v0.16.0 h1:js8THhUE4nVYbpedSCs0E5vxYzxkkOLtxrOFh9xed8c=
github.com/briandowns/openweathermap v0.16.0/go.mod h1:0GLnknqicWxXnGi1IqoOaZIw+kIe5hkt+YM5WY3j8+0=
github.com/bwmarrin/discordgo v0.22.1 h1:254fNYyfqJWKbPzO5g8j/nUvRgj4dNlI19EB8rnkpt8=
github.com/bwmarrin/discordgo v0.22.1/go.mod h1:c1WtWUGN6nREDmzIpyTp/iD3VYt4Fpx+bVyfBG7JE+M=
github.com/floscodes/golang-thousands v0.0.0-20200806083058-726ca296fe0a h1:ZROGkGaOexMB6cIHhbrlb6ngFPOlUCOob7OTBl5R7L0=
github.com/floscodes/golang-thousands v0.0.0-20200806083058-726ca296fe0a/go.mod h1:rf9VBEq49/rJ17RnmlC8Slrc7xYr+C6/VCWFaYgC9oM=
github.com/gorilla/websocket v1.4.0 h1:WDFjx/TMzVgy9VdMMQi2K2Emtwi2QcUQsztZ/zLaH/Q=
github.com/gorilla/websocket v1.4.0/go.mod h1:E7qHFY5m1UJ88s3WnNqhKjPHQ0heANvMoAMk2YaljkQ=
github.com/joho/godotenv v1.3.0 h1:Zjp+RcGpHhGlrMbJzXTrZZPrWj+1vfm90La1wgB6Bhc=
github.com/joho/godotenv v1.3.0/go.mod h1:7hK45KPybAkOC6peb+G5yklZfMxEjkZhHbwpqxOKXbg=
golang.org/x/crypto v0.0.0-20181030102418-4d3f4d9ffa16 h1:y6ce7gCWtnH+m3dCjzQ1PCuwl28DDIc3VNnvY29DlIA=
golang.org/x/crypto v0.0.0-20181030102418-4d3f4d9ffa16/go.mod h1:6SG95UA2DQfeDnfUPMdvaQW0Q7yPrPDi9nlGo2tz2b4=
